// !$*UTF8*$!
{
	archiveVersion = 1;
	classes = {
	};
	objectVersion = 51;
	objects = {

/* Begin PBXBuildFile section */
		117A8A9D6220C840BFF872E9 /* Pods_iOSWoopSicrediEventList_iOSWoopSicrediEventListUITests.framework in Frameworks */ = {isa = PBXBuildFile; fileRef = 800C29371CAD7CB4A75CACBB /* Pods_iOSWoopSicrediEventList_iOSWoopSicrediEventListUITests.framework */; };
		35729630F379F8BC578278D9 /* Pods_iOSWoopSicrediEventList.framework in Frameworks */ = {isa = PBXBuildFile; fileRef = E78349B10580D219DDE13D2D /* Pods_iOSWoopSicrediEventList.framework */; };
		64A9368226CB58C500AE9ADC /* EventModel.swift in Sources */ = {isa = PBXBuildFile; fileRef = 64A9368126CB58C500AE9ADC /* EventModel.swift */; };
		64A9368426CC0BC700AE9ADC /* APIRequest.swift in Sources */ = {isa = PBXBuildFile; fileRef = 64A9368326CC0BC700AE9ADC /* APIRequest.swift */; };
		64A9368626CC100200AE9ADC /* EventAPICalling.swift in Sources */ = {isa = PBXBuildFile; fileRef = 64A9368526CC100200AE9ADC /* EventAPICalling.swift */; };
		64A9368826CC140F00AE9ADC /* CheckinModel.swift in Sources */ = {isa = PBXBuildFile; fileRef = 64A9368726CC140F00AE9ADC /* CheckinModel.swift */; };
		64A9368A26CC253000AE9ADC /* EventHandler.swift in Sources */ = {isa = PBXBuildFile; fileRef = 64A9368926CC253000AE9ADC /* EventHandler.swift */; };
		64A9368E26CC417100AE9ADC /* EventDetailViewController.swift in Sources */ = {isa = PBXBuildFile; fileRef = 64A9368D26CC417100AE9ADC /* EventDetailViewController.swift */; };
		64A9369526CC69A100AE9ADC /* EventDetailCoordinator.swift in Sources */ = {isa = PBXBuildFile; fileRef = 64A9369426CC69A100AE9ADC /* EventDetailCoordinator.swift */; };
		64B9CC3126CB2C2E0064F5E7 /* AppDelegate.swift in Sources */ = {isa = PBXBuildFile; fileRef = 64B9CC3026CB2C2E0064F5E7 /* AppDelegate.swift */; };
		64B9CC3326CB2C2E0064F5E7 /* SceneDelegate.swift in Sources */ = {isa = PBXBuildFile; fileRef = 64B9CC3226CB2C2E0064F5E7 /* SceneDelegate.swift */; };
		64B9CC3A26CB2C310064F5E7 /* Assets.xcassets in Resources */ = {isa = PBXBuildFile; fileRef = 64B9CC3926CB2C310064F5E7 /* Assets.xcassets */; };
		64B9CC3D26CB2C310064F5E7 /* LaunchScreen.storyboard in Resources */ = {isa = PBXBuildFile; fileRef = 64B9CC3B26CB2C310064F5E7 /* LaunchScreen.storyboard */; };
		64B9CC4826CB2C310064F5E7 /* iOSWoopSicrediEventListTests.swift in Sources */ = {isa = PBXBuildFile; fileRef = 64B9CC4726CB2C310064F5E7 /* iOSWoopSicrediEventListTests.swift */; };
		64B9CC5326CB2C310064F5E7 /* iOSWoopSicrediEventListUITests.swift in Sources */ = {isa = PBXBuildFile; fileRef = 64B9CC5226CB2C310064F5E7 /* iOSWoopSicrediEventListUITests.swift */; };
		64B9CC6526CB2DAE0064F5E7 /* EventsTableViewController.swift in Sources */ = {isa = PBXBuildFile; fileRef = 64B9CC6326CB2DAE0064F5E7 /* EventsTableViewController.swift */; };
		64B9CC6E26CB50F20064F5E7 /* AppCoordinator.swift in Sources */ = {isa = PBXBuildFile; fileRef = 64B9CC6D26CB50F20064F5E7 /* AppCoordinator.swift */; };
		AF6B9476134E8AB194CB80EF /* Pods_iOSWoopSicrediEventListTests.framework in Frameworks */ = {isa = PBXBuildFile; fileRef = 05DAFBDC57CBB8987C5CD4EB /* Pods_iOSWoopSicrediEventListTests.framework */; };
/* End PBXBuildFile section */

/* Begin PBXContainerItemProxy section */
		64B9CC4426CB2C310064F5E7 /* PBXContainerItemProxy */ = {
			isa = PBXContainerItemProxy;
			containerPortal = 64B9CC2526CB2C2E0064F5E7 /* Project object */;
			proxyType = 1;
			remoteGlobalIDString = 64B9CC2C26CB2C2E0064F5E7;
			remoteInfo = iOSWoopSicrediEventList;
		};
		64B9CC4F26CB2C310064F5E7 /* PBXContainerItemProxy */ = {
			isa = PBXContainerItemProxy;
			containerPortal = 64B9CC2526CB2C2E0064F5E7 /* Project object */;
			proxyType = 1;
			remoteGlobalIDString = 64B9CC2C26CB2C2E0064F5E7;
			remoteInfo = iOSWoopSicrediEventList;
		};
/* End PBXContainerItemProxy section */

/* Begin PBXFileReference section */
		05DAFBDC57CBB8987C5CD4EB /* Pods_iOSWoopSicrediEventListTests.framework */ = {isa = PBXFileReference; explicitFileType = wrapper.framework; includeInIndex = 0; path = Pods_iOSWoopSicrediEventListTests.framework; sourceTree = BUILT_PRODUCTS_DIR; };
		501C54F476E5324F664386ED /* Pods-iOSWoopSicrediEventListTests.debug.xcconfig */ = {isa = PBXFileReference; includeInIndex = 1; lastKnownFileType = text.xcconfig; name = "Pods-iOSWoopSicrediEventListTests.debug.xcconfig"; path = "Target Support Files/Pods-iOSWoopSicrediEventListTests/Pods-iOSWoopSicrediEventListTests.debug.xcconfig"; sourceTree = "<group>"; };
		5620F6AEC8B183C3D6DB84BB /* Pods-iOSWoopSicrediEventListTests.release.xcconfig */ = {isa = PBXFileReference; includeInIndex = 1; lastKnownFileType = text.xcconfig; name = "Pods-iOSWoopSicrediEventListTests.release.xcconfig"; path = "Target Support Files/Pods-iOSWoopSicrediEventListTests/Pods-iOSWoopSicrediEventListTests.release.xcconfig"; sourceTree = "<group>"; };
		58CC01CE19AB83777670BD15 /* Pods-iOSWoopSicrediEventList.release.xcconfig */ = {isa = PBXFileReference; includeInIndex = 1; lastKnownFileType = text.xcconfig; name = "Pods-iOSWoopSicrediEventList.release.xcconfig"; path = "Target Support Files/Pods-iOSWoopSicrediEventList/Pods-iOSWoopSicrediEventList.release.xcconfig"; sourceTree = "<group>"; };
		64A9368126CB58C500AE9ADC /* EventModel.swift */ = {isa = PBXFileReference; lastKnownFileType = sourcecode.swift; path = EventModel.swift; sourceTree = "<group>"; };
		64A9368326CC0BC700AE9ADC /* APIRequest.swift */ = {isa = PBXFileReference; lastKnownFileType = sourcecode.swift; path = APIRequest.swift; sourceTree = "<group>"; };
		64A9368526CC100200AE9ADC /* EventAPICalling.swift */ = {isa = PBXFileReference; lastKnownFileType = sourcecode.swift; path = EventAPICalling.swift; sourceTree = "<group>"; };
		64A9368726CC140F00AE9ADC /* CheckinModel.swift */ = {isa = PBXFileReference; lastKnownFileType = sourcecode.swift; path = CheckinModel.swift; sourceTree = "<group>"; };
		64A9368926CC253000AE9ADC /* EventHandler.swift */ = {isa = PBXFileReference; lastKnownFileType = sourcecode.swift; path = EventHandler.swift; sourceTree = "<group>"; };
		64A9368D26CC417100AE9ADC /* EventDetailViewController.swift */ = {isa = PBXFileReference; lastKnownFileType = sourcecode.swift; path = EventDetailViewController.swift; sourceTree = "<group>"; };
		64A9369426CC69A100AE9ADC /* EventDetailCoordinator.swift */ = {isa = PBXFileReference; lastKnownFileType = sourcecode.swift; path = EventDetailCoordinator.swift; sourceTree = "<group>"; };
		64B9CC2D26CB2C2E0064F5E7 /* iOSWoopSicrediEventList.app */ = {isa = PBXFileReference; explicitFileType = wrapper.application; includeInIndex = 0; path = iOSWoopSicrediEventList.app; sourceTree = BUILT_PRODUCTS_DIR; };
		64B9CC3026CB2C2E0064F5E7 /* AppDelegate.swift */ = {isa = PBXFileReference; lastKnownFileType = sourcecode.swift; path = AppDelegate.swift; sourceTree = "<group>"; };
		64B9CC3226CB2C2E0064F5E7 /* SceneDelegate.swift */ = {isa = PBXFileReference; lastKnownFileType = sourcecode.swift; path = SceneDelegate.swift; sourceTree = "<group>"; };
		64B9CC3926CB2C310064F5E7 /* Assets.xcassets */ = {isa = PBXFileReference; lastKnownFileType = folder.assetcatalog; path = Assets.xcassets; sourceTree = "<group>"; };
		64B9CC3C26CB2C310064F5E7 /* Base */ = {isa = PBXFileReference; lastKnownFileType = file.storyboard; name = Base; path = Base.lproj/LaunchScreen.storyboard; sourceTree = "<group>"; };
		64B9CC3E26CB2C310064F5E7 /* Info.plist */ = {isa = PBXFileReference; lastKnownFileType = text.plist.xml; path = Info.plist; sourceTree = "<group>"; };
		64B9CC4326CB2C310064F5E7 /* iOSWoopSicrediEventListTests.xctest */ = {isa = PBXFileReference; explicitFileType = wrapper.cfbundle; includeInIndex = 0; path = iOSWoopSicrediEventListTests.xctest; sourceTree = BUILT_PRODUCTS_DIR; };
		64B9CC4726CB2C310064F5E7 /* iOSWoopSicrediEventListTests.swift */ = {isa = PBXFileReference; lastKnownFileType = sourcecode.swift; path = iOSWoopSicrediEventListTests.swift; sourceTree = "<group>"; };
		64B9CC4926CB2C310064F5E7 /* Info.plist */ = {isa = PBXFileReference; lastKnownFileType = text.plist.xml; path = Info.plist; sourceTree = "<group>"; };
		64B9CC4E26CB2C310064F5E7 /* iOSWoopSicrediEventListUITests.xctest */ = {isa = PBXFileReference; explicitFileType = wrapper.cfbundle; includeInIndex = 0; path = iOSWoopSicrediEventListUITests.xctest; sourceTree = BUILT_PRODUCTS_DIR; };
		64B9CC5226CB2C310064F5E7 /* iOSWoopSicrediEventListUITests.swift */ = {isa = PBXFileReference; lastKnownFileType = sourcecode.swift; path = iOSWoopSicrediEventListUITests.swift; sourceTree = "<group>"; };
		64B9CC5426CB2C310064F5E7 /* Info.plist */ = {isa = PBXFileReference; lastKnownFileType = text.plist.xml; path = Info.plist; sourceTree = "<group>"; };
		64B9CC6326CB2DAE0064F5E7 /* EventsTableViewController.swift */ = {isa = PBXFileReference; lastKnownFileType = sourcecode.swift; path = EventsTableViewController.swift; sourceTree = "<group>"; };
		64B9CC6D26CB50F20064F5E7 /* AppCoordinator.swift */ = {isa = PBXFileReference; lastKnownFileType = sourcecode.swift; path = AppCoordinator.swift; sourceTree = "<group>"; };
		66D294445C38C39D3DC67704 /* Pods-iOSWoopSicrediEventList-iOSWoopSicrediEventListUITests.release.xcconfig */ = {isa = PBXFileReference; includeInIndex = 1; lastKnownFileType = text.xcconfig; name = "Pods-iOSWoopSicrediEventList-iOSWoopSicrediEventListUITests.release.xcconfig"; path = "Target Support Files/Pods-iOSWoopSicrediEventList-iOSWoopSicrediEventListUITests/Pods-iOSWoopSicrediEventList-iOSWoopSicrediEventListUITests.release.xcconfig"; sourceTree = "<group>"; };
		751DFEC937A025C8EE8FCC4C /* Pods-iOSWoopSicrediEventList-iOSWoopSicrediEventListUITests.debug.xcconfig */ = {isa = PBXFileReference; includeInIndex = 1; lastKnownFileType = text.xcconfig; name = "Pods-iOSWoopSicrediEventList-iOSWoopSicrediEventListUITests.debug.xcconfig"; path = "Target Support Files/Pods-iOSWoopSicrediEventList-iOSWoopSicrediEventListUITests/Pods-iOSWoopSicrediEventList-iOSWoopSicrediEventListUITests.debug.xcconfig"; sourceTree = "<group>"; };
		800C29371CAD7CB4A75CACBB /* Pods_iOSWoopSicrediEventList_iOSWoopSicrediEventListUITests.framework */ = {isa = PBXFileReference; explicitFileType = wrapper.framework; includeInIndex = 0; path = Pods_iOSWoopSicrediEventList_iOSWoopSicrediEventListUITests.framework; sourceTree = BUILT_PRODUCTS_DIR; };
		E78349B10580D219DDE13D2D /* Pods_iOSWoopSicrediEventList.framework */ = {isa = PBXFileReference; explicitFileType = wrapper.framework; includeInIndex = 0; path = Pods_iOSWoopSicrediEventList.framework; sourceTree = BUILT_PRODUCTS_DIR; };
		F64B405F52ABAC1BB790C82C /* Pods-iOSWoopSicrediEventList.debug.xcconfig */ = {isa = PBXFileReference; includeInIndex = 1; lastKnownFileType = text.xcconfig; name = "Pods-iOSWoopSicrediEventList.debug.xcconfig"; path = "Target Support Files/Pods-iOSWoopSicrediEventList/Pods-iOSWoopSicrediEventList.debug.xcconfig"; sourceTree = "<group>"; };
/* End PBXFileReference section */

/* Begin PBXFrameworksBuildPhase section */
		64B9CC2A26CB2C2E0064F5E7 /* Frameworks */ = {
			isa = PBXFrameworksBuildPhase;
			buildActionMask = 2147483647;
			files = (
				35729630F379F8BC578278D9 /* Pods_iOSWoopSicrediEventList.framework in Frameworks */,
			);
			runOnlyForDeploymentPostprocessing = 0;
		};
		64B9CC4026CB2C310064F5E7 /* Frameworks */ = {
			isa = PBXFrameworksBuildPhase;
			buildActionMask = 2147483647;
			files = (
				AF6B9476134E8AB194CB80EF /* Pods_iOSWoopSicrediEventListTests.framework in Frameworks */,
			);
			runOnlyForDeploymentPostprocessing = 0;
		};
		64B9CC4B26CB2C310064F5E7 /* Frameworks */ = {
			isa = PBXFrameworksBuildPhase;
			buildActionMask = 2147483647;
			files = (
				117A8A9D6220C840BFF872E9 /* Pods_iOSWoopSicrediEventList_iOSWoopSicrediEventListUITests.framework in Frameworks */,
			);
			runOnlyForDeploymentPostprocessing = 0;
		};
/* End PBXFrameworksBuildPhase section */

/* Begin PBXGroup section */
		5DCA700384062A02F8A97727 /* Frameworks */ = {
			isa = PBXGroup;
			children = (
				E78349B10580D219DDE13D2D /* Pods_iOSWoopSicrediEventList.framework */,
				800C29371CAD7CB4A75CACBB /* Pods_iOSWoopSicrediEventList_iOSWoopSicrediEventListUITests.framework */,
				05DAFBDC57CBB8987C5CD4EB /* Pods_iOSWoopSicrediEventListTests.framework */,
			);
			name = Frameworks;
			sourceTree = "<group>";
		};
		64A9369326CC538B00AE9ADC /* Coordinator */ = {
			isa = PBXGroup;
			children = (
				64B9CC6D26CB50F20064F5E7 /* AppCoordinator.swift */,
				64A9369426CC69A100AE9ADC /* EventDetailCoordinator.swift */,
			);
			path = Coordinator;
			sourceTree = "<group>";
		};
		64B9CC2426CB2C2E0064F5E7 = {
			isa = PBXGroup;
			children = (
				64B9CC2F26CB2C2E0064F5E7 /* iOSWoopSicrediEventList */,
				64B9CC4626CB2C310064F5E7 /* iOSWoopSicrediEventListTests */,
				64B9CC5126CB2C310064F5E7 /* iOSWoopSicrediEventListUITests */,
				64B9CC2E26CB2C2E0064F5E7 /* Products */,
				AD5BAF54CBF19FA9FAAFE966 /* Pods */,
				5DCA700384062A02F8A97727 /* Frameworks */,
			);
			sourceTree = "<group>";
		};
		64B9CC2E26CB2C2E0064F5E7 /* Products */ = {
			isa = PBXGroup;
			children = (
				64B9CC2D26CB2C2E0064F5E7 /* iOSWoopSicrediEventList.app */,
				64B9CC4326CB2C310064F5E7 /* iOSWoopSicrediEventListTests.xctest */,
				64B9CC4E26CB2C310064F5E7 /* iOSWoopSicrediEventListUITests.xctest */,
			);
			name = Products;
			sourceTree = "<group>";
		};
		64B9CC2F26CB2C2E0064F5E7 /* iOSWoopSicrediEventList */ = {
			isa = PBXGroup;
			children = (
				64B9CC6B26CB2F5A0064F5E7 /* Common */,
				64B9CC6A26CB2F540064F5E7 /* Service */,
				64B9CC6726CB2F330064F5E7 /* Model */,
				64B9CC6826CB2F390064F5E7 /* ViewModel */,
				64B9CC6926CB2F4F0064F5E7 /* View */,
			);
			path = iOSWoopSicrediEventList;
			sourceTree = "<group>";
		};
		64B9CC4626CB2C310064F5E7 /* iOSWoopSicrediEventListTests */ = {
			isa = PBXGroup;
			children = (
				64B9CC4726CB2C310064F5E7 /* iOSWoopSicrediEventListTests.swift */,
				64B9CC4926CB2C310064F5E7 /* Info.plist */,
			);
			path = iOSWoopSicrediEventListTests;
			sourceTree = "<group>";
		};
		64B9CC5126CB2C310064F5E7 /* iOSWoopSicrediEventListUITests */ = {
			isa = PBXGroup;
			children = (
				64B9CC5226CB2C310064F5E7 /* iOSWoopSicrediEventListUITests.swift */,
				64B9CC5426CB2C310064F5E7 /* Info.plist */,
			);
			path = iOSWoopSicrediEventListUITests;
			sourceTree = "<group>";
		};
		64B9CC6726CB2F330064F5E7 /* Model */ = {
			isa = PBXGroup;
			children = (
				64A9368126CB58C500AE9ADC /* EventModel.swift */,
				64A9368726CC140F00AE9ADC /* CheckinModel.swift */,
			);
			path = Model;
			sourceTree = "<group>";
		};
		64B9CC6826CB2F390064F5E7 /* ViewModel */ = {
			isa = PBXGroup;
			children = (
				64A9368926CC253000AE9ADC /* EventHandler.swift */,
			);
			path = ViewModel;
			sourceTree = "<group>";
		};
		64B9CC6926CB2F4F0064F5E7 /* View */ = {
			isa = PBXGroup;
			children = (
				64B9CC6326CB2DAE0064F5E7 /* EventsTableViewController.swift */,
				64A9368D26CC417100AE9ADC /* EventDetailViewController.swift */,
			);
			path = View;
			sourceTree = "<group>";
		};
		64B9CC6A26CB2F540064F5E7 /* Service */ = {
			isa = PBXGroup;
			children = (
				64A9368326CC0BC700AE9ADC /* APIRequest.swift */,
				64A9368526CC100200AE9ADC /* EventAPICalling.swift */,
			);
			path = Service;
			sourceTree = "<group>";
		};
		64B9CC6B26CB2F5A0064F5E7 /* Common */ = {
			isa = PBXGroup;
			children = (
				64B9CC3E26CB2C310064F5E7 /* Info.plist */,
				64B9CC3B26CB2C310064F5E7 /* LaunchScreen.storyboard */,
				64B9CC3926CB2C310064F5E7 /* Assets.xcassets */,
				64B9CC3226CB2C2E0064F5E7 /* SceneDelegate.swift */,
				64B9CC3026CB2C2E0064F5E7 /* AppDelegate.swift */,
				64A9369326CC538B00AE9ADC /* Coordinator */,
			);
			path = Common;
			sourceTree = "<group>";
		};
		AD5BAF54CBF19FA9FAAFE966 /* Pods */ = {
			isa = PBXGroup;
			children = (
				F64B405F52ABAC1BB790C82C /* Pods-iOSWoopSicrediEventList.debug.xcconfig */,
				58CC01CE19AB83777670BD15 /* Pods-iOSWoopSicrediEventList.release.xcconfig */,
				751DFEC937A025C8EE8FCC4C /* Pods-iOSWoopSicrediEventList-iOSWoopSicrediEventListUITests.debug.xcconfig */,
				66D294445C38C39D3DC67704 /* Pods-iOSWoopSicrediEventList-iOSWoopSicrediEventListUITests.release.xcconfig */,
				501C54F476E5324F664386ED /* Pods-iOSWoopSicrediEventListTests.debug.xcconfig */,
				5620F6AEC8B183C3D6DB84BB /* Pods-iOSWoopSicrediEventListTests.release.xcconfig */,
			);
			path = Pods;
			sourceTree = "<group>";
		};
/* End PBXGroup section */

/* Begin PBXNativeTarget section */
		64B9CC2C26CB2C2E0064F5E7 /* iOSWoopSicrediEventList */ = {
			isa = PBXNativeTarget;
			buildConfigurationList = 64B9CC5726CB2C310064F5E7 /* Build configuration list for PBXNativeTarget "iOSWoopSicrediEventList" */;
			buildPhases = (
				472120CC929B788D7DAD749D /* [CP] Check Pods Manifest.lock */,
				64B9CC2926CB2C2E0064F5E7 /* Sources */,
				64B9CC2A26CB2C2E0064F5E7 /* Frameworks */,
				64B9CC2B26CB2C2E0064F5E7 /* Resources */,
				E9FAE0B81B5C0C9DF9C49765 /* [CP] Embed Pods Frameworks */,
			);
			buildRules = (
			);
			dependencies = (
			);
			name = iOSWoopSicrediEventList;
			productName = iOSWoopSicrediEventList;
			productReference = 64B9CC2D26CB2C2E0064F5E7 /* iOSWoopSicrediEventList.app */;
			productType = "com.apple.product-type.application";
		};
		64B9CC4226CB2C310064F5E7 /* iOSWoopSicrediEventListTests */ = {
			isa = PBXNativeTarget;
			buildConfigurationList = 64B9CC5A26CB2C310064F5E7 /* Build configuration list for PBXNativeTarget "iOSWoopSicrediEventListTests" */;
			buildPhases = (
				1C80CF3ABEEEECB41D91C980 /* [CP] Check Pods Manifest.lock */,
				64B9CC3F26CB2C310064F5E7 /* Sources */,
				64B9CC4026CB2C310064F5E7 /* Frameworks */,
				64B9CC4126CB2C310064F5E7 /* Resources */,
			);
			buildRules = (
			);
			dependencies = (
				64B9CC4526CB2C310064F5E7 /* PBXTargetDependency */,
			);
			name = iOSWoopSicrediEventListTests;
			productName = iOSWoopSicrediEventListTests;
			productReference = 64B9CC4326CB2C310064F5E7 /* iOSWoopSicrediEventListTests.xctest */;
			productType = "com.apple.product-type.bundle.unit-test";
		};
		64B9CC4D26CB2C310064F5E7 /* iOSWoopSicrediEventListUITests */ = {
			isa = PBXNativeTarget;
			buildConfigurationList = 64B9CC5D26CB2C310064F5E7 /* Build configuration list for PBXNativeTarget "iOSWoopSicrediEventListUITests" */;
			buildPhases = (
				1D180A105D6041FA411B4138 /* [CP] Check Pods Manifest.lock */,
				64B9CC4A26CB2C310064F5E7 /* Sources */,
				64B9CC4B26CB2C310064F5E7 /* Frameworks */,
				64B9CC4C26CB2C310064F5E7 /* Resources */,
				B6EE838036B3D7FA1CD474E8 /* [CP] Embed Pods Frameworks */,
			);
			buildRules = (
			);
			dependencies = (
				64B9CC5026CB2C310064F5E7 /* PBXTargetDependency */,
			);
			name = iOSWoopSicrediEventListUITests;
			productName = iOSWoopSicrediEventListUITests;
			productReference = 64B9CC4E26CB2C310064F5E7 /* iOSWoopSicrediEventListUITests.xctest */;
			productType = "com.apple.product-type.bundle.ui-testing";
		};
/* End PBXNativeTarget section */

/* Begin PBXProject section */
		64B9CC2526CB2C2E0064F5E7 /* Project object */ = {
			isa = PBXProject;
			attributes = {
				LastSwiftUpdateCheck = 1250;
				LastUpgradeCheck = 1250;
				TargetAttributes = {
					64B9CC2C26CB2C2E0064F5E7 = {
						CreatedOnToolsVersion = 12.5.1;
					};
					64B9CC4226CB2C310064F5E7 = {
						CreatedOnToolsVersion = 12.5.1;
						TestTargetID = 64B9CC2C26CB2C2E0064F5E7;
					};
					64B9CC4D26CB2C310064F5E7 = {
						CreatedOnToolsVersion = 12.5.1;
						TestTargetID = 64B9CC2C26CB2C2E0064F5E7;
					};
				};
			};
			buildConfigurationList = 64B9CC2826CB2C2E0064F5E7 /* Build configuration list for PBXProject "iOSWoopSicrediEventList" */;
			compatibilityVersion = "Xcode 9.3";
			developmentRegion = en;
			hasScannedForEncodings = 0;
			knownRegions = (
				en,
				Base,
			);
			mainGroup = 64B9CC2426CB2C2E0064F5E7;
			productRefGroup = 64B9CC2E26CB2C2E0064F5E7 /* Products */;
			projectDirPath = "";
			projectRoot = "";
			targets = (
				64B9CC2C26CB2C2E0064F5E7 /* iOSWoopSicrediEventList */,
				64B9CC4226CB2C310064F5E7 /* iOSWoopSicrediEventListTests */,
				64B9CC4D26CB2C310064F5E7 /* iOSWoopSicrediEventListUITests */,
			);
		};
/* End PBXProject section */

/* Begin PBXResourcesBuildPhase section */
		64B9CC2B26CB2C2E0064F5E7 /* Resources */ = {
			isa = PBXResourcesBuildPhase;
			buildActionMask = 2147483647;
			files = (
				64B9CC3D26CB2C310064F5E7 /* LaunchScreen.storyboard in Resources */,
				64B9CC3A26CB2C310064F5E7 /* Assets.xcassets in Resources */,
			);
			runOnlyForDeploymentPostprocessing = 0;
		};
		64B9CC4126CB2C310064F5E7 /* Resources */ = {
			isa = PBXResourcesBuildPhase;
			buildActionMask = 2147483647;
			files = (
			);
			runOnlyForDeploymentPostprocessing = 0;
		};
		64B9CC4C26CB2C310064F5E7 /* Resources */ = {
			isa = PBXResourcesBuildPhase;
			buildActionMask = 2147483647;
			files = (
			);
			runOnlyForDeploymentPostprocessing = 0;
		};
/* End PBXResourcesBuildPhase section */

/* Begin PBXShellScriptBuildPhase section */
		1C80CF3ABEEEECB41D91C980 /* [CP] Check Pods Manifest.lock */ = {
			isa = PBXShellScriptBuildPhase;
			buildActionMask = 2147483647;
			files = (
			);
			inputFileListPaths = (
			);
			inputPaths = (
				"${PODS_PODFILE_DIR_PATH}/Podfile.lock",
				"${PODS_ROOT}/Manifest.lock",
			);
			name = "[CP] Check Pods Manifest.lock";
			outputFileListPaths = (
			);
			outputPaths = (
				"$(DERIVED_FILE_DIR)/Pods-iOSWoopSicrediEventListTests-checkManifestLockResult.txt",
			);
			runOnlyForDeploymentPostprocessing = 0;
			shellPath = /bin/sh;
			shellScript = "diff \"${PODS_PODFILE_DIR_PATH}/Podfile.lock\" \"${PODS_ROOT}/Manifest.lock\" > /dev/null\nif [ $? != 0 ] ; then\n    # print error to STDERR\n    echo \"error: The sandbox is not in sync with the Podfile.lock. Run 'pod install' or update your CocoaPods installation.\" >&2\n    exit 1\nfi\n# This output is used by Xcode 'outputs' to avoid re-running this script phase.\necho \"SUCCESS\" > \"${SCRIPT_OUTPUT_FILE_0}\"\n";
			showEnvVarsInLog = 0;
		};
		1D180A105D6041FA411B4138 /* [CP] Check Pods Manifest.lock */ = {
			isa = PBXShellScriptBuildPhase;
			buildActionMask = 2147483647;
			files = (
			);
			inputFileListPaths = (
			);
			inputPaths = (
				"${PODS_PODFILE_DIR_PATH}/Podfile.lock",
				"${PODS_ROOT}/Manifest.lock",
			);
			name = "[CP] Check Pods Manifest.lock";
			outputFileListPaths = (
			);
			outputPaths = (
				"$(DERIVED_FILE_DIR)/Pods-iOSWoopSicrediEventList-iOSWoopSicrediEventListUITests-checkManifestLockResult.txt",
			);
			runOnlyForDeploymentPostprocessing = 0;
			shellPath = /bin/sh;
			shellScript = "diff \"${PODS_PODFILE_DIR_PATH}/Podfile.lock\" \"${PODS_ROOT}/Manifest.lock\" > /dev/null\nif [ $? != 0 ] ; then\n    # print error to STDERR\n    echo \"error: The sandbox is not in sync with the Podfile.lock. Run 'pod install' or update your CocoaPods installation.\" >&2\n    exit 1\nfi\n# This output is used by Xcode 'outputs' to avoid re-running this script phase.\necho \"SUCCESS\" > \"${SCRIPT_OUTPUT_FILE_0}\"\n";
			showEnvVarsInLog = 0;
		};
		472120CC929B788D7DAD749D /* [CP] Check Pods Manifest.lock */ = {
			isa = PBXShellScriptBuildPhase;
			buildActionMask = 2147483647;
			files = (
			);
			inputFileListPaths = (
			);
			inputPaths = (
				"${PODS_PODFILE_DIR_PATH}/Podfile.lock",
				"${PODS_ROOT}/Manifest.lock",
			);
			name = "[CP] Check Pods Manifest.lock";
			outputFileListPaths = (
			);
			outputPaths = (
				"$(DERIVED_FILE_DIR)/Pods-iOSWoopSicrediEventList-checkManifestLockResult.txt",
			);
			runOnlyForDeploymentPostprocessing = 0;
			shellPath = /bin/sh;
			shellScript = "diff \"${PODS_PODFILE_DIR_PATH}/Podfile.lock\" \"${PODS_ROOT}/Manifest.lock\" > /dev/null\nif [ $? != 0 ] ; then\n    # print error to STDERR\n    echo \"error: The sandbox is not in sync with the Podfile.lock. Run 'pod install' or update your CocoaPods installation.\" >&2\n    exit 1\nfi\n# This output is used by Xcode 'outputs' to avoid re-running this script phase.\necho \"SUCCESS\" > \"${SCRIPT_OUTPUT_FILE_0}\"\n";
			showEnvVarsInLog = 0;
		};
		B6EE838036B3D7FA1CD474E8 /* [CP] Embed Pods Frameworks */ = {
			isa = PBXShellScriptBuildPhase;
			buildActionMask = 2147483647;
			files = (
			);
			inputFileListPaths = (
				"${PODS_ROOT}/Target Support Files/Pods-iOSWoopSicrediEventList-iOSWoopSicrediEventListUITests/Pods-iOSWoopSicrediEventList-iOSWoopSicrediEventListUITests-frameworks-${CONFIGURATION}-input-files.xcfilelist",
			);
			name = "[CP] Embed Pods Frameworks";
			outputFileListPaths = (
				"${PODS_ROOT}/Target Support Files/Pods-iOSWoopSicrediEventList-iOSWoopSicrediEventListUITests/Pods-iOSWoopSicrediEventList-iOSWoopSicrediEventListUITests-frameworks-${CONFIGURATION}-output-files.xcfilelist",
			);
			runOnlyForDeploymentPostprocessing = 0;
			shellPath = /bin/sh;
			shellScript = "\"${PODS_ROOT}/Target Support Files/Pods-iOSWoopSicrediEventList-iOSWoopSicrediEventListUITests/Pods-iOSWoopSicrediEventList-iOSWoopSicrediEventListUITests-frameworks.sh\"\n";
			showEnvVarsInLog = 0;
		};
		E9FAE0B81B5C0C9DF9C49765 /* [CP] Embed Pods Frameworks */ = {
			isa = PBXShellScriptBuildPhase;
			buildActionMask = 2147483647;
			files = (
			);
			inputFileListPaths = (
				"${PODS_ROOT}/Target Support Files/Pods-iOSWoopSicrediEventList/Pods-iOSWoopSicrediEventList-frameworks-${CONFIGURATION}-input-files.xcfilelist",
			);
			name = "[CP] Embed Pods Frameworks";
			outputFileListPaths = (
				"${PODS_ROOT}/Target Support Files/Pods-iOSWoopSicrediEventList/Pods-iOSWoopSicrediEventList-frameworks-${CONFIGURATION}-output-files.xcfilelist",
			);
			runOnlyForDeploymentPostprocessing = 0;
			shellPath = /bin/sh;
			shellScript = "\"${PODS_ROOT}/Target Support Files/Pods-iOSWoopSicrediEventList/Pods-iOSWoopSicrediEventList-frameworks.sh\"\n";
			showEnvVarsInLog = 0;
		};
/* End PBXShellScriptBuildPhase section */

/* Begin PBXSourcesBuildPhase section */
		64B9CC2926CB2C2E0064F5E7 /* Sources */ = {
			isa = PBXSourcesBuildPhase;
			buildActionMask = 2147483647;
			files = (
				64B9CC6E26CB50F20064F5E7 /* AppCoordinator.swift in Sources */,
				64B9CC3126CB2C2E0064F5E7 /* AppDelegate.swift in Sources */,
				64A9368A26CC253000AE9ADC /* EventHandler.swift in Sources */,
				64A9368626CC100200AE9ADC /* EventAPICalling.swift in Sources */,
				64A9368826CC140F00AE9ADC /* CheckinModel.swift in Sources */,
				64B9CC6526CB2DAE0064F5E7 /* EventsTableViewController.swift in Sources */,
				64A9368E26CC417100AE9ADC /* EventDetailViewController.swift in Sources */,
				64A9368226CB58C500AE9ADC /* EventModel.swift in Sources */,
				64A9369526CC69A100AE9ADC /* EventDetailCoordinator.swift in Sources */,
				64A9368426CC0BC700AE9ADC /* APIRequest.swift in Sources */,
				64B9CC3326CB2C2E0064F5E7 /* SceneDelegate.swift in Sources */,
			);
			runOnlyForDeploymentPostprocessing = 0;
		};
		64B9CC3F26CB2C310064F5E7 /* Sources */ = {
			isa = PBXSourcesBuildPhase;
			buildActionMask = 2147483647;
			files = (
				64B9CC4826CB2C310064F5E7 /* iOSWoopSicrediEventListTests.swift in Sources */,
			);
			runOnlyForDeploymentPostprocessing = 0;
		};
		64B9CC4A26CB2C310064F5E7 /* Sources */ = {
			isa = PBXSourcesBuildPhase;
			buildActionMask = 2147483647;
			files = (
				64B9CC5326CB2C310064F5E7 /* iOSWoopSicrediEventListUITests.swift in Sources */,
			);
			runOnlyForDeploymentPostprocessing = 0;
		};
/* End PBXSourcesBuildPhase section */

/* Begin PBXTargetDependency section */
		64B9CC4526CB2C310064F5E7 /* PBXTargetDependency */ = {
			isa = PBXTargetDependency;
			target = 64B9CC2C26CB2C2E0064F5E7 /* iOSWoopSicrediEventList */;
			targetProxy = 64B9CC4426CB2C310064F5E7 /* PBXContainerItemProxy */;
		};
		64B9CC5026CB2C310064F5E7 /* PBXTargetDependency */ = {
			isa = PBXTargetDependency;
			target = 64B9CC2C26CB2C2E0064F5E7 /* iOSWoopSicrediEventList */;
			targetProxy = 64B9CC4F26CB2C310064F5E7 /* PBXContainerItemProxy */;
		};
/* End PBXTargetDependency section */

/* Begin PBXVariantGroup section */
		64B9CC3B26CB2C310064F5E7 /* LaunchScreen.storyboard */ = {
			isa = PBXVariantGroup;
			children = (
				64B9CC3C26CB2C310064F5E7 /* Base */,
			);
			name = LaunchScreen.storyboard;
			sourceTree = "<group>";
		};
/* End PBXVariantGroup section */

/* Begin XCBuildConfiguration section */
		64B9CC5526CB2C310064F5E7 /* Debug */ = {
			isa = XCBuildConfiguration;
			buildSettings = {
				ALWAYS_SEARCH_USER_PATHS = NO;
				CLANG_ANALYZER_NONNULL = YES;
				CLANG_ANALYZER_NUMBER_OBJECT_CONVERSION = YES_AGGRESSIVE;
				CLANG_CXX_LANGUAGE_STANDARD = "gnu++14";
				CLANG_CXX_LIBRARY = "libc++";
				CLANG_ENABLE_MODULES = YES;
				CLANG_ENABLE_OBJC_ARC = YES;
				CLANG_ENABLE_OBJC_WEAK = YES;
				CLANG_WARN_BLOCK_CAPTURE_AUTORELEASING = YES;
				CLANG_WARN_BOOL_CONVERSION = YES;
				CLANG_WARN_COMMA = YES;
				CLANG_WARN_CONSTANT_CONVERSION = YES;
				CLANG_WARN_DEPRECATED_OBJC_IMPLEMENTATIONS = YES;
				CLANG_WARN_DIRECT_OBJC_ISA_USAGE = YES_ERROR;
				CLANG_WARN_DOCUMENTATION_COMMENTS = YES;
				CLANG_WARN_EMPTY_BODY = YES;
				CLANG_WARN_ENUM_CONVERSION = YES;
				CLANG_WARN_INFINITE_RECURSION = YES;
				CLANG_WARN_INT_CONVERSION = YES;
				CLANG_WARN_NON_LITERAL_NULL_CONVERSION = YES;
				CLANG_WARN_OBJC_IMPLICIT_RETAIN_SELF = YES;
				CLANG_WARN_OBJC_LITERAL_CONVERSION = YES;
				CLANG_WARN_OBJC_ROOT_CLASS = YES_ERROR;
				CLANG_WARN_QUOTED_INCLUDE_IN_FRAMEWORK_HEADER = YES;
				CLANG_WARN_RANGE_LOOP_ANALYSIS = YES;
				CLANG_WARN_STRICT_PROTOTYPES = YES;
				CLANG_WARN_SUSPICIOUS_MOVE = YES;
				CLANG_WARN_UNGUARDED_AVAILABILITY = YES_AGGRESSIVE;
				CLANG_WARN_UNREACHABLE_CODE = YES;
				CLANG_WARN__DUPLICATE_METHOD_MATCH = YES;
				COPY_PHASE_STRIP = NO;
				DEBUG_INFORMATION_FORMAT = dwarf;
				ENABLE_STRICT_OBJC_MSGSEND = YES;
				ENABLE_TESTABILITY = YES;
				GCC_C_LANGUAGE_STANDARD = gnu11;
				GCC_DYNAMIC_NO_PIC = NO;
				GCC_NO_COMMON_BLOCKS = YES;
				GCC_OPTIMIZATION_LEVEL = 0;
				GCC_PREPROCESSOR_DEFINITIONS = (
					"DEBUG=1",
					"$(inherited)",
				);
				GCC_WARN_64_TO_32_BIT_CONVERSION = YES;
				GCC_WARN_ABOUT_RETURN_TYPE = YES_ERROR;
				GCC_WARN_UNDECLARED_SELECTOR = YES;
				GCC_WARN_UNINITIALIZED_AUTOS = YES_AGGRESSIVE;
				GCC_WARN_UNUSED_FUNCTION = YES;
				GCC_WARN_UNUSED_VARIABLE = YES;
				IPHONEOS_DEPLOYMENT_TARGET = 14.5;
				MTL_ENABLE_DEBUG_INFO = INCLUDE_SOURCE;
				MTL_FAST_MATH = YES;
				ONLY_ACTIVE_ARCH = YES;
				SDKROOT = iphoneos;
				SWIFT_ACTIVE_COMPILATION_CONDITIONS = DEBUG;
				SWIFT_OPTIMIZATION_LEVEL = "-Onone";
			};
			name = Debug;
		};
		64B9CC5626CB2C310064F5E7 /* Release */ = {
			isa = XCBuildConfiguration;
			buildSettings = {
				ALWAYS_SEARCH_USER_PATHS = NO;
				CLANG_ANALYZER_NONNULL = YES;
				CLANG_ANALYZER_NUMBER_OBJECT_CONVERSION = YES_AGGRESSIVE;
				CLANG_CXX_LANGUAGE_STANDARD = "gnu++14";
				CLANG_CXX_LIBRARY = "libc++";
				CLANG_ENABLE_MODULES = YES;
				CLANG_ENABLE_OBJC_ARC = YES;
				CLANG_ENABLE_OBJC_WEAK = YES;
				CLANG_WARN_BLOCK_CAPTURE_AUTORELEASING = YES;
				CLANG_WARN_BOOL_CONVERSION = YES;
				CLANG_WARN_COMMA = YES;
				CLANG_WARN_CONSTANT_CONVERSION = YES;
				CLANG_WARN_DEPRECATED_OBJC_IMPLEMENTATIONS = YES;
				CLANG_WARN_DIRECT_OBJC_ISA_USAGE = YES_ERROR;
				CLANG_WARN_DOCUMENTATION_COMMENTS = YES;
				CLANG_WARN_EMPTY_BODY = YES;
				CLANG_WARN_ENUM_CONVERSION = YES;
				CLANG_WARN_INFINITE_RECURSION = YES;
				CLANG_WARN_INT_CONVERSION = YES;
				CLANG_WARN_NON_LITERAL_NULL_CONVERSION = YES;
				CLANG_WARN_OBJC_IMPLICIT_RETAIN_SELF = YES;
				CLANG_WARN_OBJC_LITERAL_CONVERSION = YES;
				CLANG_WARN_OBJC_ROOT_CLASS = YES_ERROR;
				CLANG_WARN_QUOTED_INCLUDE_IN_FRAMEWORK_HEADER = YES;
				CLANG_WARN_RANGE_LOOP_ANALYSIS = YES;
				CLANG_WARN_STRICT_PROTOTYPES = YES;
				CLANG_WARN_SUSPICIOUS_MOVE = YES;
				CLANG_WARN_UNGUARDED_AVAILABILITY = YES_AGGRESSIVE;
				CLANG_WARN_UNREACHABLE_CODE = YES;
				CLANG_WARN__DUPLICATE_METHOD_MATCH = YES;
				COPY_PHASE_STRIP = NO;
				DEBUG_INFORMATION_FORMAT = "dwarf-with-dsym";
				ENABLE_NS_ASSERTIONS = NO;
				ENABLE_STRICT_OBJC_MSGSEND = YES;
				GCC_C_LANGUAGE_STANDARD = gnu11;
				GCC_NO_COMMON_BLOCKS = YES;
				GCC_WARN_64_TO_32_BIT_CONVERSION = YES;
				GCC_WARN_ABOUT_RETURN_TYPE = YES_ERROR;
				GCC_WARN_UNDECLARED_SELECTOR = YES;
				GCC_WARN_UNINITIALIZED_AUTOS = YES_AGGRESSIVE;
				GCC_WARN_UNUSED_FUNCTION = YES;
				GCC_WARN_UNUSED_VARIABLE = YES;
				IPHONEOS_DEPLOYMENT_TARGET = 14.5;
				MTL_ENABLE_DEBUG_INFO = NO;
				MTL_FAST_MATH = YES;
				SDKROOT = iphoneos;
				SWIFT_COMPILATION_MODE = wholemodule;
				SWIFT_OPTIMIZATION_LEVEL = "-O";
				VALIDATE_PRODUCT = YES;
			};
			name = Release;
		};
		64B9CC5826CB2C310064F5E7 /* Debug */ = {
			isa = XCBuildConfiguration;
			baseConfigurationReference = F64B405F52ABAC1BB790C82C /* Pods-iOSWoopSicrediEventList.debug.xcconfig */;
			buildSettings = {
				ASSETCATALOG_COMPILER_APPICON_NAME = AppIcon;
				ASSETCATALOG_COMPILER_GLOBAL_ACCENT_COLOR_NAME = AccentColor;
				CODE_SIGN_STYLE = Automatic;
				DEVELOPMENT_TEAM = PS78UKHFKZ;
				INFOPLIST_FILE = "$(SRCROOT)/iOSWoopSicrediEventList/Common/Info.plist";
				LD_RUNPATH_SEARCH_PATHS = (
					"$(inherited)",
					"@executable_path/Frameworks",
				);
				PRODUCT_BUNDLE_IDENTIFIER = br.com.kevinlittles.iOSWoopSicrediEventList;
				PRODUCT_NAME = "$(TARGET_NAME)";
				SWIFT_VERSION = 5.0;
				TARGETED_DEVICE_FAMILY = "1,2";
			};
			name = Debug;
		};
		64B9CC5926CB2C310064F5E7 /* Release */ = {
			isa = XCBuildConfiguration;
			baseConfigurationReference = 58CC01CE19AB83777670BD15 /* Pods-iOSWoopSicrediEventList.release.xcconfig */;
			buildSettings = {
				ASSETCATALOG_COMPILER_APPICON_NAME = AppIcon;
				ASSETCATALOG_COMPILER_GLOBAL_ACCENT_COLOR_NAME = AccentColor;
				CODE_SIGN_STYLE = Automatic;
				DEVELOPMENT_TEAM = PS78UKHFKZ;
				INFOPLIST_FILE = "$(SRCROOT)/iOSWoopSicrediEventList/Common/Info.plist";
				LD_RUNPATH_SEARCH_PATHS = (
					"$(inherited)",
					"@executable_path/Frameworks",
				);
				PRODUCT_BUNDLE_IDENTIFIER = br.com.kevinlittles.iOSWoopSicrediEventList;
				PRODUCT_NAME = "$(TARGET_NAME)";
				SWIFT_VERSION = 5.0;
				TARGETED_DEVICE_FAMILY = "1,2";
			};
			name = Release;
		};
		64B9CC5B26CB2C310064F5E7 /* Debug */ = {
			isa = XCBuildConfiguration;
			baseConfigurationReference = 501C54F476E5324F664386ED /* Pods-iOSWoopSicrediEventListTests.debug.xcconfig */;
			buildSettings = {
				ALWAYS_EMBED_SWIFT_STANDARD_LIBRARIES = YES;
				BUNDLE_LOADER = "$(TEST_HOST)";
				CODE_SIGN_STYLE = Automatic;
				DEVELOPMENT_TEAM = PS78UKHFKZ;
				INFOPLIST_FILE = iOSWoopSicrediEventListTests/Info.plist;
				IPHONEOS_DEPLOYMENT_TARGET = 14.5;
				LD_RUNPATH_SEARCH_PATHS = (
					"$(inherited)",
					"@executable_path/Frameworks",
					"@loader_path/Frameworks",
				);
				PRODUCT_BUNDLE_IDENTIFIER = br.com.kevinlittles.iOSWoopSicrediEventListTests;
				PRODUCT_NAME = "$(TARGET_NAME)";
				SWIFT_VERSION = 5.0;
				TARGETED_DEVICE_FAMILY = "1,2";
				TEST_HOST = "$(BUILT_PRODUCTS_DIR)/iOSWoopSicrediEventList.app/iOSWoopSicrediEventList";
			};
			name = Debug;
		};
		64B9CC5C26CB2C310064F5E7 /* Release */ = {
			isa = XCBuildConfiguration;
			baseConfigurationReference = 5620F6AEC8B183C3D6DB84BB /* Pods-iOSWoopSicrediEventListTests.release.xcconfig */;
			buildSettings = {
				ALWAYS_EMBED_SWIFT_STANDARD_LIBRARIES = YES;
				BUNDLE_LOADER = "$(TEST_HOST)";
				CODE_SIGN_STYLE = Automatic;
				DEVELOPMENT_TEAM = PS78UKHFKZ;
				INFOPLIST_FILE = iOSWoopSicrediEventListTests/Info.plist;
				IPHONEOS_DEPLOYMENT_TARGET = 14.5;
				LD_RUNPATH_SEARCH_PATHS = (
					"$(inherited)",
					"@executable_path/Frameworks",
					"@loader_path/Frameworks",
				);
				PRODUCT_BUNDLE_IDENTIFIER = br.com.kevinlittles.iOSWoopSicrediEventListTests;
				PRODUCT_NAME = "$(TARGET_NAME)";
				SWIFT_VERSION = 5.0;
				TARGETED_DEVICE_FAMILY = "1,2";
				TEST_HOST = "$(BUILT_PRODUCTS_DIR)/iOSWoopSicrediEventList.app/iOSWoopSicrediEventList";
			};
			name = Release;
		};
		64B9CC5E26CB2C310064F5E7 /* Debug */ = {
			isa = XCBuildConfiguration;
			baseConfigurationReference = 751DFEC937A025C8EE8FCC4C /* Pods-iOSWoopSicrediEventList-iOSWoopSicrediEventListUITests.debug.xcconfig */;
			buildSettings = {
				ALWAYS_EMBED_SWIFT_STANDARD_LIBRARIES = YES;
				CODE_SIGN_STYLE = Automatic;
				DEVELOPMENT_TEAM = PS78UKHFKZ;
				INFOPLIST_FILE = iOSWoopSicrediEventListUITests/Info.plist;
				LD_RUNPATH_SEARCH_PATHS = (
					"$(inherited)",
					"@executable_path/Frameworks",
					"@loader_path/Frameworks",
				);
				PRODUCT_BUNDLE_IDENTIFIER = br.com.kevinlittles.iOSWoopSicrediEventListUITests;
				PRODUCT_NAME = "$(TARGET_NAME)";
				SWIFT_VERSION = 5.0;
				TARGETED_DEVICE_FAMILY = "1,2";
				TEST_TARGET_NAME = iOSWoopSicrediEventList;
			};
			name = Debug;
		};
		64B9CC5F26CB2C310064F5E7 /* Release */ = {
			isa = XCBuildConfiguration;
			baseConfigurationReference = 66D294445C38C39D3DC67704 /* Pods-iOSWoopSicrediEventList-iOSWoopSicrediEventListUITests.release.xcconfig */;
			buildSettings = {
				ALWAYS_EMBED_SWIFT_STANDARD_LIBRARIES = YES;
				CODE_SIGN_STYLE = Automatic;
				DEVELOPMENT_TEAM = PS78UKHFKZ;
				INFOPLIST_FILE = iOSWoopSicrediEventListUITests/Info.plist;
				LD_RUNPATH_SEARCH_PATHS = (
					"$(inherited)",
					"@executable_path/Frameworks",
					"@loader_path/Frameworks",
				);
				PRODUCT_BUNDLE_IDENTIFIER = br.com.kevinlittles.iOSWoopSicrediEventListUITests;
				PRODUCT_NAME = "$(TARGET_NAME)";
				SWIFT_VERSION = 5.0;
				TARGETED_DEVICE_FAMILY = "1,2";
				TEST_TARGET_NAME = iOSWoopSicrediEventList;
			};
			name = Release;
		};
/* End XCBuildConfiguration section */

/* Begin XCConfigurationList section */
		64B9CC2826CB2C2E0064F5E7 /* Build configuration list for PBXProject "iOSWoopSicrediEventList" */ = {
			isa = XCConfigurationList;
			buildConfigurations = (
				64B9CC5526CB2C310064F5E7 /* Debug */,
				64B9CC5626CB2C310064F5E7 /* Release */,
			);
			defaultConfigurationIsVisible = 0;
			defaultConfigurationName = Release;
		};
		64B9CC5726CB2C310064F5E7 /* Build configuration list for PBXNativeTarget "iOSWoopSicrediEventList" */ = {
			isa = XCConfigurationList;
			buildConfigurations = (
				64B9CC5826CB2C310064F5E7 /* Debug */,
				64B9CC5926CB2C310064F5E7 /* Release */,
			);
			defaultConfigurationIsVisible = 0;
			defaultConfigurationName = Release;
		};
		64B9CC5A26CB2C310064F5E7 /* Build configuration list for PBXNativeTarget "iOSWoopSicrediEventListTests" */ = {
			isa = XCConfigurationList;
			buildConfigurations = (
				64B9CC5B26CB2C310064F5E7 /* Debug */,
				64B9CC5C26CB2C310064F5E7 /* Release */,
			);
			defaultConfigurationIsVisible = 0;
			defaultConfigurationName = Release;
		};
		64B9CC5D26CB2C310064F5E7 /* Build configuration list for PBXNativeTarget "iOSWoopSicrediEventListUITests" */ = {
			isa = XCConfigurationList;
			buildConfigurations = (
				64B9CC5E26CB2C310064F5E7 /* Debug */,
				64B9CC5F26CB2C310064F5E7 /* Release */,
			);
			defaultConfigurationIsVisible = 0;
			defaultConfigurationName = Release;
		};
/* End XCConfigurationList section */
	};
	rootObject = 64B9CC2526CB2C2E0064F5E7 /* Project object */;
}
