// !$*UTF8*$!
{
	archiveVersion = 1;
	classes = {
	};
	objectVersion = 50;
	objects = {

/* Begin PBXBuildFile section */
		64B9CC3126CB2C2E0064F5E7 /* AppDelegate.swift in Sources */ = {isa = PBXBuildFile; fileRef = 64B9CC3026CB2C2E0064F5E7 /* AppDelegate.swift */; };
		64B9CC3326CB2C2E0064F5E7 /* SceneDelegate.swift in Sources */ = {isa = PBXBuildFile; fileRef = 64B9CC3226CB2C2E0064F5E7 /* SceneDelegate.swift */; };
		64B9CC3A26CB2C310064F5E7 /* Assets.xcassets in Resources */ = {isa = PBXBuildFile; fileRef = 64B9CC3926CB2C310064F5E7 /* Assets.xcassets */; };
		64B9CC3D26CB2C310064F5E7 /* LaunchScreen.storyboard in Resources */ = {isa = PBXBuildFile; fileRef = 64B9CC3B26CB2C310064F5E7 /* LaunchScreen.storyboard */; };
		64B9CC4826CB2C310064F5E7 /* iOSWoopSicrediEventListTests.swift in Sources */ = {isa = PBXBuildFile; fileRef = 64B9CC4726CB2C310064F5E7 /* iOSWoopSicrediEventListTests.swift */; };
		64B9CC5326CB2C310064F5E7 /* iOSWoopSicrediEventListUITests.swift in Sources */ = {isa = PBXBuildFile; fileRef = 64B9CC5226CB2C310064F5E7 /* iOSWoopSicrediEventListUITests.swift */; };
		64B9CC6526CB2DAE0064F5E7 /* EventsTableViewController.swift in Sources */ = {isa = PBXBuildFile; fileRef = 64B9CC6326CB2DAE0064F5E7 /* EventsTableViewController.swift */; };
		64B9CC6626CB2DAE0064F5E7 /* EventsTableViewController.xib in Resources */ = {isa = PBXBuildFile; fileRef = 64B9CC6426CB2DAE0064F5E7 /* EventsTableViewController.xib */; };
/* End PBXBuildFile section */

/* Begin PBXContainerItemProxy section */
		64B9CC4426CB2C310064F5E7 /* PBXContainerItemProxy */ = {
			isa = PBXContainerItemProxy;
			containerPortal = 64B9CC2526CB2C2E0064F5E7 /* Project object */;
			proxyType = 1;
			remoteGlobalIDString = 64B9CC2C26CB2C2E0064F5E7;
			remoteInfo = iOSWoopSicrediEventList;
		};
		64B9CC4F26CB2C310064F5E7 /* PBXContainerItemProxy */ = {
			isa = PBXContainerItemProxy;
			containerPortal = 64B9CC2526CB2C2E0064F5E7 /* Project object */;
			proxyType = 1;
			remoteGlobalIDString = 64B9CC2C26CB2C2E0064F5E7;
			remoteInfo = iOSWoopSicrediEventList;
		};
/* End PBXContainerItemProxy section */

/* Begin PBXFileReference section */
		64B9CC2D26CB2C2E0064F5E7 /* iOSWoopSicrediEventList.app */ = {isa = PBXFileReference; explicitFileType = wrapper.application; includeInIndex = 0; path = iOSWoopSicrediEventList.app; sourceTree = BUILT_PRODUCTS_DIR; };
		64B9CC3026CB2C2E0064F5E7 /* AppDelegate.swift */ = {isa = PBXFileReference; lastKnownFileType = sourcecode.swift; path = AppDelegate.swift; sourceTree = "<group>"; };
		64B9CC3226CB2C2E0064F5E7 /* SceneDelegate.swift */ = {isa = PBXFileReference; lastKnownFileType = sourcecode.swift; path = SceneDelegate.swift; sourceTree = "<group>"; };
		64B9CC3926CB2C310064F5E7 /* Assets.xcassets */ = {isa = PBXFileReference; lastKnownFileType = folder.assetcatalog; path = Assets.xcassets; sourceTree = "<group>"; };
		64B9CC3C26CB2C310064F5E7 /* Base */ = {isa = PBXFileReference; lastKnownFileType = file.storyboard; name = Base; path = Base.lproj/LaunchScreen.storyboard; sourceTree = "<group>"; };
		64B9CC3E26CB2C310064F5E7 /* Info.plist */ = {isa = PBXFileReference; lastKnownFileType = text.plist.xml; path = Info.plist; sourceTree = "<group>"; };
		64B9CC4326CB2C310064F5E7 /* iOSWoopSicrediEventListTests.xctest */ = {isa = PBXFileReference; explicitFileType = wrapper.cfbundle; includeInIndex = 0; path = iOSWoopSicrediEventListTests.xctest; sourceTree = BUILT_PRODUCTS_DIR; };
		64B9CC4726CB2C310064F5E7 /* iOSWoopSicrediEventListTests.swift */ = {isa = PBXFileReference; lastKnownFileType = sourcecode.swift; path = iOSWoopSicrediEventListTests.swift; sourceTree = "<group>"; };
		64B9CC4926CB2C310064F5E7 /* Info.plist */ = {isa = PBXFileReference; lastKnownFileType = text.plist.xml; path = Info.plist; sourceTree = "<group>"; };
		64B9CC4E26CB2C310064F5E7 /* iOSWoopSicrediEventListUITests.xctest */ = {isa = PBXFileReference; explicitFileType = wrapper.cfbundle; includeInIndex = 0; path = iOSWoopSicrediEventListUITests.xctest; sourceTree = BUILT_PRODUCTS_DIR; };
		64B9CC5226CB2C310064F5E7 /* iOSWoopSicrediEventListUITests.swift */ = {isa = PBXFileReference; lastKnownFileType = sourcecode.swift; path = iOSWoopSicrediEventListUITests.swift; sourceTree = "<group>"; };
		64B9CC5426CB2C310064F5E7 /* Info.plist */ = {isa = PBXFileReference; lastKnownFileType = text.plist.xml; path = Info.plist; sourceTree = "<group>"; };
		64B9CC6326CB2DAE0064F5E7 /* EventsTableViewController.swift */ = {isa = PBXFileReference; lastKnownFileType = sourcecode.swift; path = EventsTableViewController.swift; sourceTree = "<group>"; };
		64B9CC6426CB2DAE0064F5E7 /* EventsTableViewController.xib */ = {isa = PBXFileReference; lastKnownFileType = file.xib; path = EventsTableViewController.xib; sourceTree = "<group>"; };
/* End PBXFileReference section */

/* Begin PBXFrameworksBuildPhase section */
		64B9CC2A26CB2C2E0064F5E7 /* Frameworks */ = {
			isa = PBXFrameworksBuildPhase;
			buildActionMask = 2147483647;
			files = (
			);
			runOnlyForDeploymentPostprocessing = 0;
		};
		64B9CC4026CB2C310064F5E7 /* Frameworks */ = {
			isa = PBXFrameworksBuildPhase;
			buildActionMask = 2147483647;
			files = (
			);
			runOnlyForDeploymentPostprocessing = 0;
		};
		64B9CC4B26CB2C310064F5E7 /* Frameworks */ = {
			isa = PBXFrameworksBuildPhase;
			buildActionMask = 2147483647;
			files = (
			);
			runOnlyForDeploymentPostprocessing = 0;
		};
/* End PBXFrameworksBuildPhase section */

/* Begin PBXGroup section */
		64B9CC2426CB2C2E0064F5E7 = {
			isa = PBXGroup;
			children = (
				64B9CC2F26CB2C2E0064F5E7 /* iOSWoopSicrediEventList */,
				64B9CC4626CB2C310064F5E7 /* iOSWoopSicrediEventListTests */,
				64B9CC5126CB2C310064F5E7 /* iOSWoopSicrediEventListUITests */,
				64B9CC2E26CB2C2E0064F5E7 /* Products */,
			);
			sourceTree = "<group>";
		};
		64B9CC2E26CB2C2E0064F5E7 /* Products */ = {
			isa = PBXGroup;
			children = (
				64B9CC2D26CB2C2E0064F5E7 /* iOSWoopSicrediEventList.app */,
				64B9CC4326CB2C310064F5E7 /* iOSWoopSicrediEventListTests.xctest */,
				64B9CC4E26CB2C310064F5E7 /* iOSWoopSicrediEventListUITests.xctest */,
			);
			name = Products;
			sourceTree = "<group>";
		};
		64B9CC2F26CB2C2E0064F5E7 /* iOSWoopSicrediEventList */ = {
			isa = PBXGroup;
			children = (
				64B9CC6B26CB2F5A0064F5E7 /* Common */,
				64B9CC6A26CB2F540064F5E7 /* Api */,
				64B9CC6926CB2F4F0064F5E7 /* View */,
				64B9CC6826CB2F390064F5E7 /* ViewModel */,
				64B9CC6726CB2F330064F5E7 /* Model */,
			);
			path = iOSWoopSicrediEventList;
			sourceTree = "<group>";
		};
		64B9CC4626CB2C310064F5E7 /* iOSWoopSicrediEventListTests */ = {
			isa = PBXGroup;
			children = (
				64B9CC4726CB2C310064F5E7 /* iOSWoopSicrediEventListTests.swift */,
				64B9CC4926CB2C310064F5E7 /* Info.plist */,
			);
			path = iOSWoopSicrediEventListTests;
			sourceTree = "<group>";
		};
		64B9CC5126CB2C310064F5E7 /* iOSWoopSicrediEventListUITests */ = {
			isa = PBXGroup;
			children = (
				64B9CC5226CB2C310064F5E7 /* iOSWoopSicrediEventListUITests.swift */,
				64B9CC5426CB2C310064F5E7 /* Info.plist */,
			);
			path = iOSWoopSicrediEventListUITests;
			sourceTree = "<group>";
		};
		64B9CC6726CB2F330064F5E7 /* Model */ = {
			isa = PBXGroup;
			children = (
			);
			path = Model;
			sourceTree = "<group>";
		};
		64B9CC6826CB2F390064F5E7 /* ViewModel */ = {
			isa = PBXGroup;
			children = (
			);
			path = ViewModel;
			sourceTree = "<group>";
		};
		64B9CC6926CB2F4F0064F5E7 /* View */ = {
			isa = PBXGroup;
			children = (
				64B9CC6426CB2DAE0064F5E7 /* EventsTableViewController.xib */,
				64B9CC6C26CB2FBB0064F5E7 /* Controller */,
			);
			path = View;
			sourceTree = "<group>";
		};
		64B9CC6A26CB2F540064F5E7 /* Api */ = {
			isa = PBXGroup;
			children = (
			);
			path = Api;
			sourceTree = "<group>";
		};
		64B9CC6B26CB2F5A0064F5E7 /* Common */ = {
			isa = PBXGroup;
			children = (
				64B9CC3E26CB2C310064F5E7 /* Info.plist */,
				64B9CC3B26CB2C310064F5E7 /* LaunchScreen.storyboard */,
				64B9CC3926CB2C310064F5E7 /* Assets.xcassets */,
				64B9CC3226CB2C2E0064F5E7 /* SceneDelegate.swift */,
				64B9CC3026CB2C2E0064F5E7 /* AppDelegate.swift */,
			);
			path = Common;
			sourceTree = "<group>";
		};
		64B9CC6C26CB2FBB0064F5E7 /* Controller */ = {
			isa = PBXGroup;
			children = (
				64B9CC6326CB2DAE0064F5E7 /* EventsTableViewController.swift */,
			);
			path = Controller;
			sourceTree = "<group>";
		};
/* End PBXGroup section */

/* Begin PBXNativeTarget section */
		64B9CC2C26CB2C2E0064F5E7 /* iOSWoopSicrediEventList */ = {
			isa = PBXNativeTarget;
			buildConfigurationList = 64B9CC5726CB2C310064F5E7 /* Build configuration list for PBXNativeTarget "iOSWoopSicrediEventList" */;
			buildPhases = (
				64B9CC2926CB2C2E0064F5E7 /* Sources */,
				64B9CC2A26CB2C2E0064F5E7 /* Frameworks */,
				64B9CC2B26CB2C2E0064F5E7 /* Resources */,
			);
			buildRules = (
			);
			dependencies = (
			);
			name = iOSWoopSicrediEventList;
			productName = iOSWoopSicrediEventList;
			productReference = 64B9CC2D26CB2C2E0064F5E7 /* iOSWoopSicrediEventList.app */;
			productType = "com.apple.product-type.application";
		};
		64B9CC4226CB2C310064F5E7 /* iOSWoopSicrediEventListTests */ = {
			isa = PBXNativeTarget;
			buildConfigurationList = 64B9CC5A26CB2C310064F5E7 /* Build configuration list for PBXNativeTarget "iOSWoopSicrediEventListTests" */;
			buildPhases = (
				64B9CC3F26CB2C310064F5E7 /* Sources */,
				64B9CC4026CB2C310064F5E7 /* Frameworks */,
				64B9CC4126CB2C310064F5E7 /* Resources */,
			);
			buildRules = (
			);
			dependencies = (
				64B9CC4526CB2C310064F5E7 /* PBXTargetDependency */,
			);
			name = iOSWoopSicrediEventListTests;
			productName = iOSWoopSicrediEventListTests;
			productReference = 64B9CC4326CB2C310064F5E7 /* iOSWoopSicrediEventListTests.xctest */;
			productType = "com.apple.product-type.bundle.unit-test";
		};
		64B9CC4D26CB2C310064F5E7 /* iOSWoopSicrediEventListUITests */ = {
			isa = PBXNativeTarget;
			buildConfigurationList = 64B9CC5D26CB2C310064F5E7 /* Build configuration list for PBXNativeTarget "iOSWoopSicrediEventListUITests" */;
			buildPhases = (
				64B9CC4A26CB2C310064F5E7 /* Sources */,
				64B9CC4B26CB2C310064F5E7 /* Frameworks */,
				64B9CC4C26CB2C310064F5E7 /* Resources */,
			);
			buildRules = (
			);
			dependencies = (
				64B9CC5026CB2C310064F5E7 /* PBXTargetDependency */,
			);
			name = iOSWoopSicrediEventListUITests;
			productName = iOSWoopSicrediEventListUITests;
			productReference = 64B9CC4E26CB2C310064F5E7 /* iOSWoopSicrediEventListUITests.xctest */;
			productType = "com.apple.product-type.bundle.ui-testing";
		};
/* End PBXNativeTarget section */

/* Begin PBXProject section */
		64B9CC2526CB2C2E0064F5E7 /* Project object */ = {
			isa = PBXProject;
			attributes = {
				LastSwiftUpdateCheck = 1250;
				LastUpgradeCheck = 1250;
				TargetAttributes = {
					64B9CC2C26CB2C2E0064F5E7 = {
						CreatedOnToolsVersion = 12.5.1;
					};
					64B9CC4226CB2C310064F5E7 = {
						CreatedOnToolsVersion = 12.5.1;
						TestTargetID = 64B9CC2C26CB2C2E0064F5E7;
					};
					64B9CC4D26CB2C310064F5E7 = {
						CreatedOnToolsVersion = 12.5.1;
						TestTargetID = 64B9CC2C26CB2C2E0064F5E7;
					};
				};
			};
			buildConfigurationList = 64B9CC2826CB2C2E0064F5E7 /* Build configuration list for PBXProject "iOSWoopSicrediEventList" */;
			compatibilityVersion = "Xcode 9.3";
			developmentRegion = en;
			hasScannedForEncodings = 0;
			knownRegions = (
				en,
				Base,
			);
			mainGroup = 64B9CC2426CB2C2E0064F5E7;
			productRefGroup = 64B9CC2E26CB2C2E0064F5E7 /* Products */;
			projectDirPath = "";
			projectRoot = "";
			targets = (
				64B9CC2C26CB2C2E0064F5E7 /* iOSWoopSicrediEventList */,
				64B9CC4226CB2C310064F5E7 /* iOSWoopSicrediEventListTests */,
				64B9CC4D26CB2C310064F5E7 /* iOSWoopSicrediEventListUITests */,
			);
		};
/* End PBXProject section */

/* Begin PBXResourcesBuildPhase section */
		64B9CC2B26CB2C2E0064F5E7 /* Resources */ = {
			isa = PBXResourcesBuildPhase;
			buildActionMask = 2147483647;
			files = (
				64B9CC3D26CB2C310064F5E7 /* LaunchScreen.storyboard in Resources */,
				64B9CC3A26CB2C310064F5E7 /* Assets.xcassets in Resources */,
				64B9CC6626CB2DAE0064F5E7 /* EventsTableViewController.xib in Resources */,
			);
			runOnlyForDeploymentPostprocessing = 0;
		};
		64B9CC4126CB2C310064F5E7 /* Resources */ = {
			isa = PBXResourcesBuildPhase;
			buildActionMask = 2147483647;
			files = (
			);
			runOnlyForDeploymentPostprocessing = 0;
		};
		64B9CC4C26CB2C310064F5E7 /* Resources */ = {
			isa = PBXResourcesBuildPhase;
			buildActionMask = 2147483647;
			files = (
			);
			runOnlyForDeploymentPostprocessing = 0;
		};
/* End PBXResourcesBuildPhase section */

/* Begin PBXSourcesBuildPhase section */
		64B9CC2926CB2C2E0064F5E7 /* Sources */ = {
			isa = PBXSourcesBuildPhase;
			buildActionMask = 2147483647;
			files = (
				64B9CC3126CB2C2E0064F5E7 /* AppDelegate.swift in Sources */,
				64B9CC6526CB2DAE0064F5E7 /* EventsTableViewController.swift in Sources */,
				64B9CC3326CB2C2E0064F5E7 /* SceneDelegate.swift in Sources */,
			);
			runOnlyForDeploymentPostprocessing = 0;
		};
		64B9CC3F26CB2C310064F5E7 /* Sources */ = {
			isa = PBXSourcesBuildPhase;
			buildActionMask = 2147483647;
			files = (
				64B9CC4826CB2C310064F5E7 /* iOSWoopSicrediEventListTests.swift in Sources */,
			);
			runOnlyForDeploymentPostprocessing = 0;
		};
		64B9CC4A26CB2C310064F5E7 /* Sources */ = {
			isa = PBXSourcesBuildPhase;
			buildActionMask = 2147483647;
			files = (
				64B9CC5326CB2C310064F5E7 /* iOSWoopSicrediEventListUITests.swift in Sources */,
			);
			runOnlyForDeploymentPostprocessing = 0;
		};
/* End PBXSourcesBuildPhase section */

/* Begin PBXTargetDependency section */
		64B9CC4526CB2C310064F5E7 /* PBXTargetDependency */ = {
			isa = PBXTargetDependency;
			target = 64B9CC2C26CB2C2E0064F5E7 /* iOSWoopSicrediEventList */;
			targetProxy = 64B9CC4426CB2C310064F5E7 /* PBXContainerItemProxy */;
		};
		64B9CC5026CB2C310064F5E7 /* PBXTargetDependency */ = {
			isa = PBXTargetDependency;
			target = 64B9CC2C26CB2C2E0064F5E7 /* iOSWoopSicrediEventList */;
			targetProxy = 64B9CC4F26CB2C310064F5E7 /* PBXContainerItemProxy */;
		};
/* End PBXTargetDependency section */

/* Begin PBXVariantGroup section */
		64B9CC3B26CB2C310064F5E7 /* LaunchScreen.storyboard */ = {
			isa = PBXVariantGroup;
			children = (
				64B9CC3C26CB2C310064F5E7 /* Base */,
			);
			name = LaunchScreen.storyboard;
			sourceTree = "<group>";
		};
/* End PBXVariantGroup section */

/* Begin XCBuildConfiguration section */
		64B9CC5526CB2C310064F5E7 /* Debug */ = {
			isa = XCBuildConfiguration;
			buildSettings = {
				ALWAYS_SEARCH_USER_PATHS = NO;
				CLANG_ANALYZER_NONNULL = YES;
				CLANG_ANALYZER_NUMBER_OBJECT_CONVERSION = YES_AGGRESSIVE;
				CLANG_CXX_LANGUAGE_STANDARD = "gnu++14";
				CLANG_CXX_LIBRARY = "libc++";
				CLANG_ENABLE_MODULES = YES;
				CLANG_ENABLE_OBJC_ARC = YES;
				CLANG_ENABLE_OBJC_WEAK = YES;
				CLANG_WARN_BLOCK_CAPTURE_AUTORELEASING = YES;
				CLANG_WARN_BOOL_CONVERSION = YES;
				CLANG_WARN_COMMA = YES;
				CLANG_WARN_CONSTANT_CONVERSION = YES;
				CLANG_WARN_DEPRECATED_OBJC_IMPLEMENTATIONS = YES;
				CLANG_WARN_DIRECT_OBJC_ISA_USAGE = YES_ERROR;
				CLANG_WARN_DOCUMENTATION_COMMENTS = YES;
				CLANG_WARN_EMPTY_BODY = YES;
				CLANG_WARN_ENUM_CONVERSION = YES;
				CLANG_WARN_INFINITE_RECURSION = YES;
				CLANG_WARN_INT_CONVERSION = YES;
				CLANG_WARN_NON_LITERAL_NULL_CONVERSION = YES;
				CLANG_WARN_OBJC_IMPLICIT_RETAIN_SELF = YES;
				CLANG_WARN_OBJC_LITERAL_CONVERSION = YES;
				CLANG_WARN_OBJC_ROOT_CLASS = YES_ERROR;
				CLANG_WARN_QUOTED_INCLUDE_IN_FRAMEWORK_HEADER = YES;
				CLANG_WARN_RANGE_LOOP_ANALYSIS = YES;
				CLANG_WARN_STRICT_PROTOTYPES = YES;
				CLANG_WARN_SUSPICIOUS_MOVE = YES;
				CLANG_WARN_UNGUARDED_AVAILABILITY = YES_AGGRESSIVE;
				CLANG_WARN_UNREACHABLE_CODE = YES;
				CLANG_WARN__DUPLICATE_METHOD_MATCH = YES;
				COPY_PHASE_STRIP = NO;
				DEBUG_INFORMATION_FORMAT = dwarf;
				ENABLE_STRICT_OBJC_MSGSEND = YES;
				ENABLE_TESTABILITY = YES;
				GCC_C_LANGUAGE_STANDARD = gnu11;
				GCC_DYNAMIC_NO_PIC = NO;
				GCC_NO_COMMON_BLOCKS = YES;
				GCC_OPTIMIZATION_LEVEL = 0;
				GCC_PREPROCESSOR_DEFINITIONS = (
					"DEBUG=1",
					"$(inherited)",
				);
				GCC_WARN_64_TO_32_BIT_CONVERSION = YES;
				GCC_WARN_ABOUT_RETURN_TYPE = YES_ERROR;
				GCC_WARN_UNDECLARED_SELECTOR = YES;
				GCC_WARN_UNINITIALIZED_AUTOS = YES_AGGRESSIVE;
				GCC_WARN_UNUSED_FUNCTION = YES;
				GCC_WARN_UNUSED_VARIABLE = YES;
				IPHONEOS_DEPLOYMENT_TARGET = 14.5;
				MTL_ENABLE_DEBUG_INFO = INCLUDE_SOURCE;
				MTL_FAST_MATH = YES;
				ONLY_ACTIVE_ARCH = YES;
				SDKROOT = iphoneos;
				SWIFT_ACTIVE_COMPILATION_CONDITIONS = DEBUG;
				SWIFT_OPTIMIZATION_LEVEL = "-Onone";
			};
			name = Debug;
		};
		64B9CC5626CB2C310064F5E7 /* Release */ = {
			isa = XCBuildConfiguration;
			buildSettings = {
				ALWAYS_SEARCH_USER_PATHS = NO;
				CLANG_ANALYZER_NONNULL = YES;
				CLANG_ANALYZER_NUMBER_OBJECT_CONVERSION = YES_AGGRESSIVE;
				CLANG_CXX_LANGUAGE_STANDARD = "gnu++14";
				CLANG_CXX_LIBRARY = "libc++";
				CLANG_ENABLE_MODULES = YES;
				CLANG_ENABLE_OBJC_ARC = YES;
				CLANG_ENABLE_OBJC_WEAK = YES;
				CLANG_WARN_BLOCK_CAPTURE_AUTORELEASING = YES;
				CLANG_WARN_BOOL_CONVERSION = YES;
				CLANG_WARN_COMMA = YES;
				CLANG_WARN_CONSTANT_CONVERSION = YES;
				CLANG_WARN_DEPRECATED_OBJC_IMPLEMENTATIONS = YES;
				CLANG_WARN_DIRECT_OBJC_ISA_USAGE = YES_ERROR;
				CLANG_WARN_DOCUMENTATION_COMMENTS = YES;
				CLANG_WARN_EMPTY_BODY = YES;
				CLANG_WARN_ENUM_CONVERSION = YES;
				CLANG_WARN_INFINITE_RECURSION = YES;
				CLANG_WARN_INT_CONVERSION = YES;
				CLANG_WARN_NON_LITERAL_NULL_CONVERSION = YES;
				CLANG_WARN_OBJC_IMPLICIT_RETAIN_SELF = YES;
				CLANG_WARN_OBJC_LITERAL_CONVERSION = YES;
				CLANG_WARN_OBJC_ROOT_CLASS = YES_ERROR;
				CLANG_WARN_QUOTED_INCLUDE_IN_FRAMEWORK_HEADER = YES;
				CLANG_WARN_RANGE_LOOP_ANALYSIS = YES;
				CLANG_WARN_STRICT_PROTOTYPES = YES;
				CLANG_WARN_SUSPICIOUS_MOVE = YES;
				CLANG_WARN_UNGUARDED_AVAILABILITY = YES_AGGRESSIVE;
				CLANG_WARN_UNREACHABLE_CODE = YES;
				CLANG_WARN__DUPLICATE_METHOD_MATCH = YES;
				COPY_PHASE_STRIP = NO;
				DEBUG_INFORMATION_FORMAT = "dwarf-with-dsym";
				ENABLE_NS_ASSERTIONS = NO;
				ENABLE_STRICT_OBJC_MSGSEND = YES;
				GCC_C_LANGUAGE_STANDARD = gnu11;
				GCC_NO_COMMON_BLOCKS = YES;
				GCC_WARN_64_TO_32_BIT_CONVERSION = YES;
				GCC_WARN_ABOUT_RETURN_TYPE = YES_ERROR;
				GCC_WARN_UNDECLARED_SELECTOR = YES;
				GCC_WARN_UNINITIALIZED_AUTOS = YES_AGGRESSIVE;
				GCC_WARN_UNUSED_FUNCTION = YES;
				GCC_WARN_UNUSED_VARIABLE = YES;
				IPHONEOS_DEPLOYMENT_TARGET = 14.5;
				MTL_ENABLE_DEBUG_INFO = NO;
				MTL_FAST_MATH = YES;
				SDKROOT = iphoneos;
				SWIFT_COMPILATION_MODE = wholemodule;
				SWIFT_OPTIMIZATION_LEVEL = "-O";
				VALIDATE_PRODUCT = YES;
			};
			name = Release;
		};
		64B9CC5826CB2C310064F5E7 /* Debug */ = {
			isa = XCBuildConfiguration;
			buildSettings = {
				ASSETCATALOG_COMPILER_APPICON_NAME = AppIcon;
				ASSETCATALOG_COMPILER_GLOBAL_ACCENT_COLOR_NAME = AccentColor;
				CODE_SIGN_STYLE = Automatic;
				DEVELOPMENT_TEAM = PS78UKHFKZ;
				INFOPLIST_FILE = iOSWoopSicrediEventList/Info.plist;
				LD_RUNPATH_SEARCH_PATHS = (
					"$(inherited)",
					"@executable_path/Frameworks",
				);
				PRODUCT_BUNDLE_IDENTIFIER = br.com.kevinlittles.iOSWoopSicrediEventList;
				PRODUCT_NAME = "$(TARGET_NAME)";
				SWIFT_VERSION = 5.0;
				TARGETED_DEVICE_FAMILY = "1,2";
			};
			name = Debug;
		};
		64B9CC5926CB2C310064F5E7 /* Release */ = {
			isa = XCBuildConfiguration;
			buildSettings = {
				ASSETCATALOG_COMPILER_APPICON_NAME = AppIcon;
				ASSETCATALOG_COMPILER_GLOBAL_ACCENT_COLOR_NAME = AccentColor;
				CODE_SIGN_STYLE = Automatic;
				DEVELOPMENT_TEAM = PS78UKHFKZ;
				INFOPLIST_FILE = iOSWoopSicrediEventList/Info.plist;
				LD_RUNPATH_SEARCH_PATHS = (
					"$(inherited)",
					"@executable_path/Frameworks",
				);
				PRODUCT_BUNDLE_IDENTIFIER = br.com.kevinlittles.iOSWoopSicrediEventList;
				PRODUCT_NAME = "$(TARGET_NAME)";
				SWIFT_VERSION = 5.0;
				TARGETED_DEVICE_FAMILY = "1,2";
			};
			name = Release;
		};
		64B9CC5B26CB2C310064F5E7 /* Debug */ = {
			isa = XCBuildConfiguration;
			buildSettings = {
				ALWAYS_EMBED_SWIFT_STANDARD_LIBRARIES = YES;
				BUNDLE_LOADER = "$(TEST_HOST)";
				CODE_SIGN_STYLE = Automatic;
				DEVELOPMENT_TEAM = PS78UKHFKZ;
				INFOPLIST_FILE = iOSWoopSicrediEventListTests/Info.plist;
				IPHONEOS_DEPLOYMENT_TARGET = 14.5;
				LD_RUNPATH_SEARCH_PATHS = (
					"$(inherited)",
					"@executable_path/Frameworks",
					"@loader_path/Frameworks",
				);
				PRODUCT_BUNDLE_IDENTIFIER = br.com.kevinlittles.iOSWoopSicrediEventListTests;
				PRODUCT_NAME = "$(TARGET_NAME)";
				SWIFT_VERSION = 5.0;
				TARGETED_DEVICE_FAMILY = "1,2";
				TEST_HOST = "$(BUILT_PRODUCTS_DIR)/iOSWoopSicrediEventList.app/iOSWoopSicrediEventList";
			};
			name = Debug;
		};
		64B9CC5C26CB2C310064F5E7 /* Release */ = {
			isa = XCBuildConfiguration;
			buildSettings = {
				ALWAYS_EMBED_SWIFT_STANDARD_LIBRARIES = YES;
				BUNDLE_LOADER = "$(TEST_HOST)";
				CODE_SIGN_STYLE = Automatic;
				DEVELOPMENT_TEAM = PS78UKHFKZ;
				INFOPLIST_FILE = iOSWoopSicrediEventListTests/Info.plist;
				IPHONEOS_DEPLOYMENT_TARGET = 14.5;
				LD_RUNPATH_SEARCH_PATHS = (
					"$(inherited)",
					"@executable_path/Frameworks",
					"@loader_path/Frameworks",
				);
				PRODUCT_BUNDLE_IDENTIFIER = br.com.kevinlittles.iOSWoopSicrediEventListTests;
				PRODUCT_NAME = "$(TARGET_NAME)";
				SWIFT_VERSION = 5.0;
				TARGETED_DEVICE_FAMILY = "1,2";
				TEST_HOST = "$(BUILT_PRODUCTS_DIR)/iOSWoopSicrediEventList.app/iOSWoopSicrediEventList";
			};
			name = Release;
		};
		64B9CC5E26CB2C310064F5E7 /* Debug */ = {
			isa = XCBuildConfiguration;
			buildSettings = {
				ALWAYS_EMBED_SWIFT_STANDARD_LIBRARIES = YES;
				CODE_SIGN_STYLE = Automatic;
				DEVELOPMENT_TEAM = PS78UKHFKZ;
				INFOPLIST_FILE = iOSWoopSicrediEventListUITests/Info.plist;
				LD_RUNPATH_SEARCH_PATHS = (
					"$(inherited)",
					"@executable_path/Frameworks",
					"@loader_path/Frameworks",
				);
				PRODUCT_BUNDLE_IDENTIFIER = br.com.kevinlittles.iOSWoopSicrediEventListUITests;
				PRODUCT_NAME = "$(TARGET_NAME)";
				SWIFT_VERSION = 5.0;
				TARGETED_DEVICE_FAMILY = "1,2";
				TEST_TARGET_NAME = iOSWoopSicrediEventList;
			};
			name = Debug;
		};
		64B9CC5F26CB2C310064F5E7 /* Release */ = {
			isa = XCBuildConfiguration;
			buildSettings = {
				ALWAYS_EMBED_SWIFT_STANDARD_LIBRARIES = YES;
				CODE_SIGN_STYLE = Automatic;
				DEVELOPMENT_TEAM = PS78UKHFKZ;
				INFOPLIST_FILE = iOSWoopSicrediEventListUITests/Info.plist;
				LD_RUNPATH_SEARCH_PATHS = (
					"$(inherited)",
					"@executable_path/Frameworks",
					"@loader_path/Frameworks",
				);
				PRODUCT_BUNDLE_IDENTIFIER = br.com.kevinlittles.iOSWoopSicrediEventListUITests;
				PRODUCT_NAME = "$(TARGET_NAME)";
				SWIFT_VERSION = 5.0;
				TARGETED_DEVICE_FAMILY = "1,2";
				TEST_TARGET_NAME = iOSWoopSicrediEventList;
			};
			name = Release;
		};
/* End XCBuildConfiguration section */

/* Begin XCConfigurationList section */
		64B9CC2826CB2C2E0064F5E7 /* Build configuration list for PBXProject "iOSWoopSicrediEventList" */ = {
			isa = XCConfigurationList;
			buildConfigurations = (
				64B9CC5526CB2C310064F5E7 /* Debug */,
				64B9CC5626CB2C310064F5E7 /* Release */,
			);
			defaultConfigurationIsVisible = 0;
			defaultConfigurationName = Release;
		};
		64B9CC5726CB2C310064F5E7 /* Build configuration list for PBXNativeTarget "iOSWoopSicrediEventList" */ = {
			isa = XCConfigurationList;
			buildConfigurations = (
				64B9CC5826CB2C310064F5E7 /* Debug */,
				64B9CC5926CB2C310064F5E7 /* Release */,
			);
			defaultConfigurationIsVisible = 0;
			defaultConfigurationName = Release;
		};
		64B9CC5A26CB2C310064F5E7 /* Build configuration list for PBXNativeTarget "iOSWoopSicrediEventListTests" */ = {
			isa = XCConfigurationList;
			buildConfigurations = (
				64B9CC5B26CB2C310064F5E7 /* Debug */,
				64B9CC5C26CB2C310064F5E7 /* Release */,
			);
			defaultConfigurationIsVisible = 0;
			defaultConfigurationName = Release;
		};
		64B9CC5D26CB2C310064F5E7 /* Build configuration list for PBXNativeTarget "iOSWoopSicrediEventListUITests" */ = {
			isa = XCConfigurationList;
			buildConfigurations = (
				64B9CC5E26CB2C310064F5E7 /* Debug */,
				64B9CC5F26CB2C310064F5E7 /* Release */,
			);
			defaultConfigurationIsVisible = 0;
			defaultConfigurationName = Release;
		};
/* End XCConfigurationList section */
	};
	rootObject = 64B9CC2526CB2C2E0064F5E7 /* Project object */;
}
